        # Generated by pub. See: http://pub.dartlang.org/doc/glossary.html#lockfile
         {"packages":{"mongo_dart":{"version":"0.0.14","source":"git","description":{"url":"https://github.com/vadimtsushko/mongo_dart.git","ref":null,"resolved-ref":"c6135a9182c2d19ecb83bd9842429b4fc412564f"}},"json_object":{"version":"1.0.10","source":"hosted","description":"json_object"},"browser":{"version":"0.3.5+1","source":"hosted","description":"browser"},"logging":{"version":"0.3.5+1","source":"hosted","description":"logging"},"args":{"version":"0.3.5+1","source":"hosted","description":"args"},"unittest":{"version":"0.3.5+1","source":"hosted","description":"unittest"},"meta":{"version":"0.3.5+1","source":"hosted","description":"meta"}}}
        